{
  "requires": true,
  "lockfileVersion": 1,
  "dependencies": {
    "@ckeditor/ckeditor5-build-classic": {
      "version": "24.0.0",
      "resolved": "https://registry.npmjs.org/@ckeditor/ckeditor5-build-classic/-/ckeditor5-build-classic-24.0.0.tgz",
      "integrity": "sha512-659ZAYbuQbPj3ElqrTSV7aqPtW4vt30Th0PiheFei7adIgmu1bFTHgcM3hqm7XGRzGmBRV6C07xSwUptxn3cvQ=="
    },
    "@ckeditor/ckeditor5-vue": {
      "version": "2.0.1",
      "resolved": "https://registry.npmjs.org/@ckeditor/ckeditor5-vue/-/ckeditor5-vue-2.0.1.tgz",
      "integrity": "sha512-EriE1OQVNj1uhn3UL3myYY3JTfcUWHO46Yqga8U+/61V5vU3tIV6Z7/9q/MYe8UcFk0AM1sZcYXaKvWW57vnwg=="
    },
    "@ckeditor/ckeditor5-vue2": {
      "version": "1.0.5",
      "resolved": "https://registry.npmjs.org/@ckeditor/ckeditor5-vue2/-/ckeditor5-vue2-1.0.5.tgz",
      "integrity": "sha512-snsNB/2oWfKw0drGJAmMGpTatmt//L1rQsOwkBw+1uKUuOJPKN3xwyUZVWT906VguIMXm4E9OHzquZ3bdkijiA=="
    }
  }
}
